// !$*UTF8*$!
{
	archiveVersion = 1;
	classes = {
	};
	objectVersion = 55;
	objects = {

/* Begin PBXBuildFile section */
		18525996292C5B2E00A1BAE4 /* AppDelegate.swift in Sources */ = {isa = PBXBuildFile; fileRef = 18525995292C5B2E00A1BAE4 /* AppDelegate.swift */; };
		18525998292C5B2E00A1BAE4 /* SceneDelegate.swift in Sources */ = {isa = PBXBuildFile; fileRef = 18525997292C5B2E00A1BAE4 /* SceneDelegate.swift */; };
		1852599D292C5B2E00A1BAE4 /* Main.storyboard in Resources */ = {isa = PBXBuildFile; fileRef = 1852599B292C5B2E00A1BAE4 /* Main.storyboard */; };
		1852599F292C5B2F00A1BAE4 /* Assets.xcassets in Resources */ = {isa = PBXBuildFile; fileRef = 1852599E292C5B2F00A1BAE4 /* Assets.xcassets */; };
		185259A2292C5B2F00A1BAE4 /* LaunchScreen.storyboard in Resources */ = {isa = PBXBuildFile; fileRef = 185259A0292C5B2F00A1BAE4 /* LaunchScreen.storyboard */; };
		185259AA292C5BFA00A1BAE4 /* WeatherModel.swift in Sources */ = {isa = PBXBuildFile; fileRef = 185259A9292C5BFA00A1BAE4 /* WeatherModel.swift */; };
		185259AC292C5C4100A1BAE4 /* CityModel.swift in Sources */ = {isa = PBXBuildFile; fileRef = 185259AB292C5C4100A1BAE4 /* CityModel.swift */; };
		185259AF292C5C9100A1BAE4 /* CurrentWeather.swift in Sources */ = {isa = PBXBuildFile; fileRef = 185259AE292C5C9100A1BAE4 /* CurrentWeather.swift */; };
		185259B1292C5CCF00A1BAE4 /* DailyWeatherObject.swift in Sources */ = {isa = PBXBuildFile; fileRef = 185259B0292C5CCF00A1BAE4 /* DailyWeatherObject.swift */; };
		185259B3292C5CE800A1BAE4 /* CityObject.swift in Sources */ = {isa = PBXBuildFile; fileRef = 185259B2292C5CE800A1BAE4 /* CityObject.swift */; };
		185259BB292C5DA300A1BAE4 /* LocationWeatherManager.swift in Sources */ = {isa = PBXBuildFile; fileRef = 185259BA292C5DA300A1BAE4 /* LocationWeatherManager.swift */; };
		185259BD292C5DD400A1BAE4 /* NoLocationWeatherManager.swift in Sources */ = {isa = PBXBuildFile; fileRef = 185259BC292C5DD400A1BAE4 /* NoLocationWeatherManager.swift */; };
		185259BF292C5E0600A1BAE4 /* CityManager.swift in Sources */ = {isa = PBXBuildFile; fileRef = 185259BE292C5E0600A1BAE4 /* CityManager.swift */; };
		185259C2292C655500A1BAE4 /* UIView+extensions.swift in Sources */ = {isa = PBXBuildFile; fileRef = 185259C1292C655500A1BAE4 /* UIView+extensions.swift */; };
		185259C6292C658C00A1BAE4 /* UIButton+extensions.swift in Sources */ = {isa = PBXBuildFile; fileRef = 185259C5292C658C00A1BAE4 /* UIButton+extensions.swift */; };
		185259C8292C65A600A1BAE4 /* String+extensions.swift in Sources */ = {isa = PBXBuildFile; fileRef = 185259C7292C65A600A1BAE4 /* String+extensions.swift */; };
		185259CA292C65C600A1BAE4 /* Double+extensions.swift in Sources */ = {isa = PBXBuildFile; fileRef = 185259C9292C65C600A1BAE4 /* Double+extensions.swift */; };
		185259CC292C65E500A1BAE4 /* UIImage+extensions.swift in Sources */ = {isa = PBXBuildFile; fileRef = 185259CB292C65E500A1BAE4 /* UIImage+extensions.swift */; };
		185259D3292C673400A1BAE4 /* HomeViewController.swift in Sources */ = {isa = PBXBuildFile; fileRef = 185259D2292C673400A1BAE4 /* HomeViewController.swift */; };
		187BD42E2930D0F6009BDAB1 /* HomeModel.swift in Sources */ = {isa = PBXBuildFile; fileRef = 187BD42D2930D0F6009BDAB1 /* HomeModel.swift */; };
		189B20C4293091F500D27DB5 /* DashboardViewController.swift in Sources */ = {isa = PBXBuildFile; fileRef = 189B20C3293091F500D27DB5 /* DashboardViewController.swift */; };
		189B20C62930963100D27DB5 /* Bindable.swift in Sources */ = {isa = PBXBuildFile; fileRef = 189B20C52930963100D27DB5 /* Bindable.swift */; };
		189B20C82930966A00D27DB5 /* DashboardModel.swift in Sources */ = {isa = PBXBuildFile; fileRef = 189B20C72930966A00D27DB5 /* DashboardModel.swift */; };
/* End PBXBuildFile section */

/* Begin PBXFileReference section */
		18525992292C5B2E00A1BAE4 /* ForecastApp.app */ = {isa = PBXFileReference; explicitFileType = wrapper.application; includeInIndex = 0; path = ForecastApp.app; sourceTree = BUILT_PRODUCTS_DIR; };
		18525995292C5B2E00A1BAE4 /* AppDelegate.swift */ = {isa = PBXFileReference; lastKnownFileType = sourcecode.swift; path = AppDelegate.swift; sourceTree = "<group>"; };
		18525997292C5B2E00A1BAE4 /* SceneDelegate.swift */ = {isa = PBXFileReference; lastKnownFileType = sourcecode.swift; path = SceneDelegate.swift; sourceTree = "<group>"; };
		1852599C292C5B2E00A1BAE4 /* Base */ = {isa = PBXFileReference; lastKnownFileType = file.storyboard; name = Base; path = Base.lproj/Main.storyboard; sourceTree = "<group>"; };
		1852599E292C5B2F00A1BAE4 /* Assets.xcassets */ = {isa = PBXFileReference; lastKnownFileType = folder.assetcatalog; path = Assets.xcassets; sourceTree = "<group>"; };
		185259A1292C5B2F00A1BAE4 /* Base */ = {isa = PBXFileReference; lastKnownFileType = file.storyboard; name = Base; path = Base.lproj/LaunchScreen.storyboard; sourceTree = "<group>"; };
		185259A3292C5B2F00A1BAE4 /* Info.plist */ = {isa = PBXFileReference; lastKnownFileType = text.plist.xml; path = Info.plist; sourceTree = "<group>"; };
		185259A9292C5BFA00A1BAE4 /* WeatherModel.swift */ = {isa = PBXFileReference; lastKnownFileType = sourcecode.swift; path = WeatherModel.swift; sourceTree = "<group>"; };
		185259AB292C5C4100A1BAE4 /* CityModel.swift */ = {isa = PBXFileReference; lastKnownFileType = sourcecode.swift; path = CityModel.swift; sourceTree = "<group>"; };
		185259AE292C5C9100A1BAE4 /* CurrentWeather.swift */ = {isa = PBXFileReference; lastKnownFileType = sourcecode.swift; path = CurrentWeather.swift; sourceTree = "<group>"; };
		185259B0292C5CCF00A1BAE4 /* DailyWeatherObject.swift */ = {isa = PBXFileReference; lastKnownFileType = sourcecode.swift; path = DailyWeatherObject.swift; sourceTree = "<group>"; };
		185259B2292C5CE800A1BAE4 /* CityObject.swift */ = {isa = PBXFileReference; lastKnownFileType = sourcecode.swift; path = CityObject.swift; sourceTree = "<group>"; };
		185259BA292C5DA300A1BAE4 /* LocationWeatherManager.swift */ = {isa = PBXFileReference; lastKnownFileType = sourcecode.swift; path = LocationWeatherManager.swift; sourceTree = "<group>"; };
		185259BC292C5DD400A1BAE4 /* NoLocationWeatherManager.swift */ = {isa = PBXFileReference; lastKnownFileType = sourcecode.swift; path = NoLocationWeatherManager.swift; sourceTree = "<group>"; };
		185259BE292C5E0600A1BAE4 /* CityManager.swift */ = {isa = PBXFileReference; lastKnownFileType = sourcecode.swift; path = CityManager.swift; sourceTree = "<group>"; };
		185259C1292C655500A1BAE4 /* UIView+extensions.swift */ = {isa = PBXFileReference; lastKnownFileType = sourcecode.swift; path = "UIView+extensions.swift"; sourceTree = "<group>"; };
		185259C5292C658C00A1BAE4 /* UIButton+extensions.swift */ = {isa = PBXFileReference; lastKnownFileType = sourcecode.swift; path = "UIButton+extensions.swift"; sourceTree = "<group>"; };
		185259C7292C65A600A1BAE4 /* String+extensions.swift */ = {isa = PBXFileReference; lastKnownFileType = sourcecode.swift; path = "String+extensions.swift"; sourceTree = "<group>"; };
		185259C9292C65C600A1BAE4 /* Double+extensions.swift */ = {isa = PBXFileReference; lastKnownFileType = sourcecode.swift; path = "Double+extensions.swift"; sourceTree = "<group>"; };
		185259CB292C65E500A1BAE4 /* UIImage+extensions.swift */ = {isa = PBXFileReference; lastKnownFileType = sourcecode.swift; path = "UIImage+extensions.swift"; sourceTree = "<group>"; };
		185259D2292C673400A1BAE4 /* HomeViewController.swift */ = {isa = PBXFileReference; lastKnownFileType = sourcecode.swift; path = HomeViewController.swift; sourceTree = "<group>"; };
		187BD42D2930D0F6009BDAB1 /* HomeModel.swift */ = {isa = PBXFileReference; lastKnownFileType = sourcecode.swift; path = HomeModel.swift; sourceTree = "<group>"; };
		189B20C3293091F500D27DB5 /* DashboardViewController.swift */ = {isa = PBXFileReference; lastKnownFileType = sourcecode.swift; path = DashboardViewController.swift; sourceTree = "<group>"; };
		189B20C52930963100D27DB5 /* Bindable.swift */ = {isa = PBXFileReference; fileEncoding = 4; lastKnownFileType = sourcecode.swift; path = Bindable.swift; sourceTree = "<group>"; };
		189B20C72930966A00D27DB5 /* DashboardModel.swift */ = {isa = PBXFileReference; lastKnownFileType = sourcecode.swift; path = DashboardModel.swift; sourceTree = "<group>"; };
/* End PBXFileReference section */

/* Begin PBXFrameworksBuildPhase section */
		1852598F292C5B2E00A1BAE4 /* Frameworks */ = {
			isa = PBXFrameworksBuildPhase;
			buildActionMask = 2147483647;
			files = (
			);
			runOnlyForDeploymentPostprocessing = 0;
		};
/* End PBXFrameworksBuildPhase section */

/* Begin PBXGroup section */
		18525989292C5B2E00A1BAE4 = {
			isa = PBXGroup;
			children = (
				18525994292C5B2E00A1BAE4 /* ForecastApp */,
				18525993292C5B2E00A1BAE4 /* Products */,
			);
			sourceTree = "<group>";
		};
		18525993292C5B2E00A1BAE4 /* Products */ = {
			isa = PBXGroup;
			children = (
				18525992292C5B2E00A1BAE4 /* ForecastApp.app */,
			);
			name = Products;
			sourceTree = "<group>";
		};
		18525994292C5B2E00A1BAE4 /* ForecastApp */ = {
			isa = PBXGroup;
			children = (
				189B20C52930963100D27DB5 /* Bindable.swift */,
				185259A3292C5B2F00A1BAE4 /* Info.plist */,
				18525995292C5B2E00A1BAE4 /* AppDelegate.swift */,
				18525997292C5B2E00A1BAE4 /* SceneDelegate.swift */,
				185259CE292C662400A1BAE4 /* Data */,
				185259CD292C65F200A1BAE4 /* Extensions */,
				185259AD292C5C5F00A1BAE4 /* Models */,
				185259D0292C668F00A1BAE4 /* Resources */,
				185259CF292C667700A1BAE4 /* View */,
				185259D2292C673400A1BAE4 /* HomeViewController.swift */,
				187BD42D2930D0F6009BDAB1 /* HomeModel.swift */,
				189B20C3293091F500D27DB5 /* DashboardViewController.swift */,
				189B20C72930966A00D27DB5 /* DashboardModel.swift */,
			);
			path = ForecastApp;
			sourceTree = "<group>";
		};
		185259AD292C5C5F00A1BAE4 /* Models */ = {
			isa = PBXGroup;
			children = (
				185259A9292C5BFA00A1BAE4 /* WeatherModel.swift */,
				185259AB292C5C4100A1BAE4 /* CityModel.swift */,
			);
			path = Models;
			sourceTree = "<group>";
		};
		185259B4292C5D0D00A1BAE4 /* CurrentWeather */ = {
			isa = PBXGroup;
			children = (
				185259AE292C5C9100A1BAE4 /* CurrentWeather.swift */,
			);
			path = CurrentWeather;
			sourceTree = "<group>";
		};
		185259B5292C5D2F00A1BAE4 /* DailyWeather */ = {
			isa = PBXGroup;
			children = (
				185259B0292C5CCF00A1BAE4 /* DailyWeatherObject.swift */,
			);
			path = DailyWeather;
			sourceTree = "<group>";
		};
		185259B6292C5D4400A1BAE4 /* City */ = {
			isa = PBXGroup;
			children = (
				185259B2292C5CE800A1BAE4 /* CityObject.swift */,
			);
			path = City;
			sourceTree = "<group>";
		};
		185259B7292C5D6800A1BAE4 /* Objects */ = {
			isa = PBXGroup;
			children = (
				185259B4292C5D0D00A1BAE4 /* CurrentWeather */,
				185259B5292C5D2F00A1BAE4 /* DailyWeather */,
				185259B6292C5D4400A1BAE4 /* City */,
			);
			path = Objects;
			sourceTree = "<group>";
		};
		185259C0292C652A00A1BAE4 /* Managers */ = {
			isa = PBXGroup;
			children = (
				185259BA292C5DA300A1BAE4 /* LocationWeatherManager.swift */,
				185259BC292C5DD400A1BAE4 /* NoLocationWeatherManager.swift */,
				185259BE292C5E0600A1BAE4 /* CityManager.swift */,
			);
			path = Managers;
			sourceTree = "<group>";
		};
		185259CD292C65F200A1BAE4 /* Extensions */ = {
			isa = PBXGroup;
			children = (
				185259C1292C655500A1BAE4 /* UIView+extensions.swift */,
				185259C5292C658C00A1BAE4 /* UIButton+extensions.swift */,
				185259C7292C65A600A1BAE4 /* String+extensions.swift */,
				185259C9292C65C600A1BAE4 /* Double+extensions.swift */,
				185259CB292C65E500A1BAE4 /* UIImage+extensions.swift */,
			);
			path = Extensions;
			sourceTree = "<group>";
		};
		185259CE292C662400A1BAE4 /* Data */ = {
			isa = PBXGroup;
			children = (
				185259B7292C5D6800A1BAE4 /* Objects */,
				185259C0292C652A00A1BAE4 /* Managers */,
			);
			path = Data;
			sourceTree = "<group>";
		};
		185259CF292C667700A1BAE4 /* View */ = {
			isa = PBXGroup;
			children = (
				1852599B292C5B2E00A1BAE4 /* Main.storyboard */,
				185259A0292C5B2F00A1BAE4 /* LaunchScreen.storyboard */,
			);
			path = View;
			sourceTree = "<group>";
		};
		185259D0292C668F00A1BAE4 /* Resources */ = {
			isa = PBXGroup;
			children = (
				1852599E292C5B2F00A1BAE4 /* Assets.xcassets */,
			);
			path = Resources;
			sourceTree = "<group>";
		};
/* End PBXGroup section */

/* Begin PBXNativeTarget section */
		18525991292C5B2E00A1BAE4 /* ForecastApp */ = {
			isa = PBXNativeTarget;
			buildConfigurationList = 185259A6292C5B2F00A1BAE4 /* Build configuration list for PBXNativeTarget "ForecastApp" */;
			buildPhases = (
				1852598E292C5B2E00A1BAE4 /* Sources */,
				1852598F292C5B2E00A1BAE4 /* Frameworks */,
				18525990292C5B2E00A1BAE4 /* Resources */,
			);
			buildRules = (
			);
			dependencies = (
			);
			name = ForecastApp;
			productName = ForecastApp;
			productReference = 18525992292C5B2E00A1BAE4 /* ForecastApp.app */;
			productType = "com.apple.product-type.application";
		};
/* End PBXNativeTarget section */

/* Begin PBXProject section */
		1852598A292C5B2E00A1BAE4 /* Project object */ = {
			isa = PBXProject;
			attributes = {
				BuildIndependentTargetsInParallel = 1;
				LastSwiftUpdateCheck = 1340;
				LastUpgradeCheck = 1340;
				TargetAttributes = {
					18525991292C5B2E00A1BAE4 = {
						CreatedOnToolsVersion = 13.4.1;
					};
				};
			};
			buildConfigurationList = 1852598D292C5B2E00A1BAE4 /* Build configuration list for PBXProject "ForecastApp" */;
			compatibilityVersion = "Xcode 13.0";
			developmentRegion = en;
			hasScannedForEncodings = 0;
			knownRegions = (
				en,
				Base,
			);
			mainGroup = 18525989292C5B2E00A1BAE4;
			productRefGroup = 18525993292C5B2E00A1BAE4 /* Products */;
			projectDirPath = "";
			projectRoot = "";
			targets = (
				18525991292C5B2E00A1BAE4 /* ForecastApp */,
			);
		};
/* End PBXProject section */

/* Begin PBXResourcesBuildPhase section */
		18525990292C5B2E00A1BAE4 /* Resources */ = {
			isa = PBXResourcesBuildPhase;
			buildActionMask = 2147483647;
			files = (
				185259A2292C5B2F00A1BAE4 /* LaunchScreen.storyboard in Resources */,
				1852599F292C5B2F00A1BAE4 /* Assets.xcassets in Resources */,
				1852599D292C5B2E00A1BAE4 /* Main.storyboard in Resources */,
			);
			runOnlyForDeploymentPostprocessing = 0;
		};
/* End PBXResourcesBuildPhase section */

/* Begin PBXSourcesBuildPhase section */
		1852598E292C5B2E00A1BAE4 /* Sources */ = {
			isa = PBXSourcesBuildPhase;
			buildActionMask = 2147483647;
			files = (
				185259B1292C5CCF00A1BAE4 /* DailyWeatherObject.swift in Sources */,
				185259AC292C5C4100A1BAE4 /* CityModel.swift in Sources */,
				189B20C82930966A00D27DB5 /* DashboardModel.swift in Sources */,
				185259D3292C673400A1BAE4 /* HomeViewController.swift in Sources */,
				185259CA292C65C600A1BAE4 /* Double+extensions.swift in Sources */,
				185259B3292C5CE800A1BAE4 /* CityObject.swift in Sources */,
				18525996292C5B2E00A1BAE4 /* AppDelegate.swift in Sources */,
				185259C6292C658C00A1BAE4 /* UIButton+extensions.swift in Sources */,
				187BD42E2930D0F6009BDAB1 /* HomeModel.swift in Sources */,
				185259AA292C5BFA00A1BAE4 /* WeatherModel.swift in Sources */,
				189B20C62930963100D27DB5 /* Bindable.swift in Sources */,
				185259C2292C655500A1BAE4 /* UIView+extensions.swift in Sources */,
				185259C8292C65A600A1BAE4 /* String+extensions.swift in Sources */,
				185259BD292C5DD400A1BAE4 /* NoLocationWeatherManager.swift in Sources */,
				185259BB292C5DA300A1BAE4 /* LocationWeatherManager.swift in Sources */,
				185259AF292C5C9100A1BAE4 /* CurrentWeather.swift in Sources */,
				185259BF292C5E0600A1BAE4 /* CityManager.swift in Sources */,
				18525998292C5B2E00A1BAE4 /* SceneDelegate.swift in Sources */,
				185259CC292C65E500A1BAE4 /* UIImage+extensions.swift in Sources */,
				189B20C4293091F500D27DB5 /* DashboardViewController.swift in Sources */,
			);
			runOnlyForDeploymentPostprocessing = 0;
		};
/* End PBXSourcesBuildPhase section */

/* Begin PBXVariantGroup section */
		1852599B292C5B2E00A1BAE4 /* Main.storyboard */ = {
			isa = PBXVariantGroup;
			children = (
				1852599C292C5B2E00A1BAE4 /* Base */,
			);
			name = Main.storyboard;
			sourceTree = "<group>";
		};
		185259A0292C5B2F00A1BAE4 /* LaunchScreen.storyboard */ = {
			isa = PBXVariantGroup;
			children = (
				185259A1292C5B2F00A1BAE4 /* Base */,
			);
			name = LaunchScreen.storyboard;
			sourceTree = "<group>";
		};
/* End PBXVariantGroup section */

/* Begin XCBuildConfiguration section */
		185259A4292C5B2F00A1BAE4 /* Debug */ = {
			isa = XCBuildConfiguration;
			buildSettings = {
				ALWAYS_SEARCH_USER_PATHS = NO;
				CLANG_ANALYZER_NONNULL = YES;
				CLANG_ANALYZER_NUMBER_OBJECT_CONVERSION = YES_AGGRESSIVE;
				CLANG_CXX_LANGUAGE_STANDARD = "gnu++17";
				CLANG_ENABLE_MODULES = YES;
				CLANG_ENABLE_OBJC_ARC = YES;
				CLANG_ENABLE_OBJC_WEAK = YES;
				CLANG_WARN_BLOCK_CAPTURE_AUTORELEASING = YES;
				CLANG_WARN_BOOL_CONVERSION = YES;
				CLANG_WARN_COMMA = YES;
				CLANG_WARN_CONSTANT_CONVERSION = YES;
				CLANG_WARN_DEPRECATED_OBJC_IMPLEMENTATIONS = YES;
				CLANG_WARN_DIRECT_OBJC_ISA_USAGE = YES_ERROR;
				CLANG_WARN_DOCUMENTATION_COMMENTS = YES;
				CLANG_WARN_EMPTY_BODY = YES;
				CLANG_WARN_ENUM_CONVERSION = YES;
				CLANG_WARN_INFINITE_RECURSION = YES;
				CLANG_WARN_INT_CONVERSION = YES;
				CLANG_WARN_NON_LITERAL_NULL_CONVERSION = YES;
				CLANG_WARN_OBJC_IMPLICIT_RETAIN_SELF = YES;
				CLANG_WARN_OBJC_LITERAL_CONVERSION = YES;
				CLANG_WARN_OBJC_ROOT_CLASS = YES_ERROR;
				CLANG_WARN_QUOTED_INCLUDE_IN_FRAMEWORK_HEADER = YES;
				CLANG_WARN_RANGE_LOOP_ANALYSIS = YES;
				CLANG_WARN_STRICT_PROTOTYPES = YES;
				CLANG_WARN_SUSPICIOUS_MOVE = YES;
				CLANG_WARN_UNGUARDED_AVAILABILITY = YES_AGGRESSIVE;
				CLANG_WARN_UNREACHABLE_CODE = YES;
				CLANG_WARN__DUPLICATE_METHOD_MATCH = YES;
				COPY_PHASE_STRIP = NO;
				DEBUG_INFORMATION_FORMAT = dwarf;
				ENABLE_STRICT_OBJC_MSGSEND = YES;
				ENABLE_TESTABILITY = YES;
				GCC_C_LANGUAGE_STANDARD = gnu11;
				GCC_DYNAMIC_NO_PIC = NO;
				GCC_NO_COMMON_BLOCKS = YES;
				GCC_OPTIMIZATION_LEVEL = 0;
				GCC_PREPROCESSOR_DEFINITIONS = (
					"DEBUG=1",
					"$(inherited)",
				);
				GCC_WARN_64_TO_32_BIT_CONVERSION = YES;
				GCC_WARN_ABOUT_RETURN_TYPE = YES_ERROR;
				GCC_WARN_UNDECLARED_SELECTOR = YES;
				GCC_WARN_UNINITIALIZED_AUTOS = YES_AGGRESSIVE;
				GCC_WARN_UNUSED_FUNCTION = YES;
				GCC_WARN_UNUSED_VARIABLE = YES;
				IPHONEOS_DEPLOYMENT_TARGET = 15.5;
				MTL_ENABLE_DEBUG_INFO = INCLUDE_SOURCE;
				MTL_FAST_MATH = YES;
				ONLY_ACTIVE_ARCH = YES;
				SDKROOT = iphoneos;
				SWIFT_ACTIVE_COMPILATION_CONDITIONS = DEBUG;
				SWIFT_OPTIMIZATION_LEVEL = "-Onone";
			};
			name = Debug;
		};
		185259A5292C5B2F00A1BAE4 /* Release */ = {
			isa = XCBuildConfiguration;
			buildSettings = {
				ALWAYS_SEARCH_USER_PATHS = NO;
				CLANG_ANALYZER_NONNULL = YES;
				CLANG_ANALYZER_NUMBER_OBJECT_CONVERSION = YES_AGGRESSIVE;
				CLANG_CXX_LANGUAGE_STANDARD = "gnu++17";
				CLANG_ENABLE_MODULES = YES;
				CLANG_ENABLE_OBJC_ARC = YES;
				CLANG_ENABLE_OBJC_WEAK = YES;
				CLANG_WARN_BLOCK_CAPTURE_AUTORELEASING = YES;
				CLANG_WARN_BOOL_CONVERSION = YES;
				CLANG_WARN_COMMA = YES;
				CLANG_WARN_CONSTANT_CONVERSION = YES;
				CLANG_WARN_DEPRECATED_OBJC_IMPLEMENTATIONS = YES;
				CLANG_WARN_DIRECT_OBJC_ISA_USAGE = YES_ERROR;
				CLANG_WARN_DOCUMENTATION_COMMENTS = YES;
				CLANG_WARN_EMPTY_BODY = YES;
				CLANG_WARN_ENUM_CONVERSION = YES;
				CLANG_WARN_INFINITE_RECURSION = YES;
				CLANG_WARN_INT_CONVERSION = YES;
				CLANG_WARN_NON_LITERAL_NULL_CONVERSION = YES;
				CLANG_WARN_OBJC_IMPLICIT_RETAIN_SELF = YES;
				CLANG_WARN_OBJC_LITERAL_CONVERSION = YES;
				CLANG_WARN_OBJC_ROOT_CLASS = YES_ERROR;
				CLANG_WARN_QUOTED_INCLUDE_IN_FRAMEWORK_HEADER = YES;
				CLANG_WARN_RANGE_LOOP_ANALYSIS = YES;
				CLANG_WARN_STRICT_PROTOTYPES = YES;
				CLANG_WARN_SUSPICIOUS_MOVE = YES;
				CLANG_WARN_UNGUARDED_AVAILABILITY = YES_AGGRESSIVE;
				CLANG_WARN_UNREACHABLE_CODE = YES;
				CLANG_WARN__DUPLICATE_METHOD_MATCH = YES;
				COPY_PHASE_STRIP = NO;
				DEBUG_INFORMATION_FORMAT = "dwarf-with-dsym";
				ENABLE_NS_ASSERTIONS = NO;
				ENABLE_STRICT_OBJC_MSGSEND = YES;
				GCC_C_LANGUAGE_STANDARD = gnu11;
				GCC_NO_COMMON_BLOCKS = YES;
				GCC_WARN_64_TO_32_BIT_CONVERSION = YES;
				GCC_WARN_ABOUT_RETURN_TYPE = YES_ERROR;
				GCC_WARN_UNDECLARED_SELECTOR = YES;
				GCC_WARN_UNINITIALIZED_AUTOS = YES_AGGRESSIVE;
				GCC_WARN_UNUSED_FUNCTION = YES;
				GCC_WARN_UNUSED_VARIABLE = YES;
				IPHONEOS_DEPLOYMENT_TARGET = 15.5;
				MTL_ENABLE_DEBUG_INFO = NO;
				MTL_FAST_MATH = YES;
				SDKROOT = iphoneos;
				SWIFT_COMPILATION_MODE = wholemodule;
				SWIFT_OPTIMIZATION_LEVEL = "-O";
				VALIDATE_PRODUCT = YES;
			};
			name = Release;
		};
		185259A7292C5B2F00A1BAE4 /* Debug */ = {
			isa = XCBuildConfiguration;
			buildSettings = {
				ASSETCATALOG_COMPILER_APPICON_NAME = AppIcon;
				ASSETCATALOG_COMPILER_GLOBAL_ACCENT_COLOR_NAME = AccentColor;
				CODE_SIGN_STYLE = Automatic;
				CURRENT_PROJECT_VERSION = 1;
				DEVELOPMENT_TEAM = TJ853HSB4A;
				GENERATE_INFOPLIST_FILE = YES;
				INFOPLIST_FILE = ForecastApp/Info.plist;
				INFOPLIST_KEY_UIApplicationSupportsIndirectInputEvents = YES;
				INFOPLIST_KEY_UILaunchStoryboardName = LaunchScreen;
				INFOPLIST_KEY_UIMainStoryboardFile = Main;
				INFOPLIST_KEY_UISupportedInterfaceOrientations_iPad = "UIInterfaceOrientationPortrait UIInterfaceOrientationPortraitUpsideDown UIInterfaceOrientationLandscapeLeft UIInterfaceOrientationLandscapeRight";
				INFOPLIST_KEY_UISupportedInterfaceOrientations_iPhone = "UIInterfaceOrientationPortrait UIInterfaceOrientationLandscapeLeft UIInterfaceOrientationLandscapeRight";
				LD_RUNPATH_SEARCH_PATHS = (
					"$(inherited)",
					"@executable_path/Frameworks",
				);
				MARKETING_VERSION = 1.0;
				PRODUCT_BUNDLE_IDENTIFIER = com.rafsan.ForecastApp;
				PRODUCT_NAME = "$(TARGET_NAME)";
				SWIFT_EMIT_LOC_STRINGS = YES;
				SWIFT_VERSION = 5.0;
				TARGETED_DEVICE_FAMILY = "1,2";
			};
			name = Debug;
		};
		185259A8292C5B2F00A1BAE4 /* Release */ = {
			isa = XCBuildConfiguration;
			buildSettings = {
				ASSETCATALOG_COMPILER_APPICON_NAME = AppIcon;
				ASSETCATALOG_COMPILER_GLOBAL_ACCENT_COLOR_NAME = AccentColor;
				CODE_SIGN_STYLE = Automatic;
				CURRENT_PROJECT_VERSION = 1;
				DEVELOPMENT_TEAM = TJ853HSB4A;
				GENERATE_INFOPLIST_FILE = YES;
				INFOPLIST_FILE = ForecastApp/Info.plist;
				INFOPLIST_KEY_UIApplicationSupportsIndirectInputEvents = YES;
				INFOPLIST_KEY_UILaunchStoryboardName = LaunchScreen;
				INFOPLIST_KEY_UIMainStoryboardFile = Main;
				INFOPLIST_KEY_UISupportedInterfaceOrientations_iPad = "UIInterfaceOrientationPortrait UIInterfaceOrientationPortraitUpsideDown UIInterfaceOrientationLandscapeLeft UIInterfaceOrientationLandscapeRight";
				INFOPLIST_KEY_UISupportedInterfaceOrientations_iPhone = "UIInterfaceOrientationPortrait UIInterfaceOrientationLandscapeLeft UIInterfaceOrientationLandscapeRight";
				LD_RUNPATH_SEARCH_PATHS = (
					"$(inherited)",
					"@executable_path/Frameworks",
				);
				MARKETING_VERSION = 1.0;
				PRODUCT_BUNDLE_IDENTIFIER = com.rafsan.ForecastApp;
				PRODUCT_NAME = "$(TARGET_NAME)";
				SWIFT_EMIT_LOC_STRINGS = YES;
				SWIFT_VERSION = 5.0;
				TARGETED_DEVICE_FAMILY = "1,2";
			};
			name = Release;
		};
/* End XCBuildConfiguration section */

/* Begin XCConfigurationList section */
		1852598D292C5B2E00A1BAE4 /* Build configuration list for PBXProject "ForecastApp" */ = {
			isa = XCConfigurationList;
			buildConfigurations = (
				185259A4292C5B2F00A1BAE4 /* Debug */,
				185259A5292C5B2F00A1BAE4 /* Release */,
			);
			defaultConfigurationIsVisible = 0;
			defaultConfigurationName = Release;
		};
		185259A6292C5B2F00A1BAE4 /* Build configuration list for PBXNativeTarget "ForecastApp" */ = {
			isa = XCConfigurationList;
			buildConfigurations = (
				185259A7292C5B2F00A1BAE4 /* Debug */,
				185259A8292C5B2F00A1BAE4 /* Release */,
			);
			defaultConfigurationIsVisible = 0;
			defaultConfigurationName = Release;
		};
/* End XCConfigurationList section */
	};
	rootObject = 1852598A292C5B2E00A1BAE4 /* Project object */;
}
